
Microsoft Visual Studio Solution File, Format Version 12.00
# Visual Studio Version 16
VisualStudioVersion = 16.0.31321.278
MinimumVisualStudioVersion = 10.0.40219.1
Project("{FAE04EC0-301F-11D3-BF4B-00C04F79EFBC}") = "Aprendendo Delegates", "Aprendendo Delegates\Aprendendo Delegates.csproj", "{2E2DB712-6C03-403B-9DC1-8FE7EA08E96B}"
EndProject
Project("{FAE04EC0-301F-11D3-BF4B-00C04F79EFBC}") = "Simula Dados", "Simula Dados\Simula Dados.csproj", "{074E3D20-D475-4DA4-B9D3-14D56F797857}"
EndProject
Project("{FAE04EC0-301F-11D3-BF4B-00C04F79EFBC}") = "ProbabilidadeNotas", "ProbabilidadeNotas\ProbabilidadeNotas.csproj", "{DEEC4F1B-E7D7-4822-A48F-5E6E9D3795E4}"
EndProject
Global
	GlobalSection(SolutionConfigurationPlatforms) = preSolution
		Debug|Any CPU = Debug|Any CPU
		Release|Any CPU = Release|Any CPU
	EndGlobalSection
	GlobalSection(ProjectConfigurationPlatforms) = postSolution
		{2E2DB712-6C03-403B-9DC1-8FE7EA08E96B}.Debug|Any CPU.ActiveCfg = Debug|Any CPU
		{2E2DB712-6C03-403B-9DC1-8FE7EA08E96B}.Debug|Any CPU.Build.0 = Debug|Any CPU
		{2E2DB712-6C03-403B-9DC1-8FE7EA08E96B}.Release|Any CPU.ActiveCfg = Release|Any CPU
		{2E2DB712-6C03-403B-9DC1-8FE7EA08E96B}.Release|Any CPU.Build.0 = Release|Any CPU
		{074E3D20-D475-4DA4-B9D3-14D56F797857}.Debug|Any CPU.ActiveCfg = Debug|Any CPU
		{074E3D20-D475-4DA4-B9D3-14D56F797857}.Debug|Any CPU.Build.0 = Debug|Any CPU
		{074E3D20-D475-4DA4-B9D3-14D56F797857}.Release|Any CPU.ActiveCfg = Release|Any CPU
		{074E3D20-D475-4DA4-B9D3-14D56F797857}.Release|Any CPU.Build.0 = Release|Any CPU
		{DEEC4F1B-E7D7-4822-A48F-5E6E9D3795E4}.Debug|Any CPU.ActiveCfg = Debug|Any CPU
		{DEEC4F1B-E7D7-4822-A48F-5E6E9D3795E4}.Debug|Any CPU.Build.0 = Debug|Any CPU
		{DEEC4F1B-E7D7-4822-A48F-5E6E9D3795E4}.Release|Any CPU.ActiveCfg = Release|Any CPU
		{DEEC4F1B-E7D7-4822-A48F-5E6E9D3795E4}.Release|Any CPU.Build.0 = Release|Any CPU
	EndGlobalSection
	GlobalSection(SolutionProperties) = preSolution
		HideSolutionNode = FALSE
	EndGlobalSection
	GlobalSection(ExtensibilityGlobals) = postSolution
		SolutionGuid = {29B87B87-802B-4CC3-84B4-642BF35D917F}
	EndGlobalSection
EndGlobal
