
Microsoft Visual Studio Solution File, Format Version 12.00
# Visual Studio Version 16
VisualStudioVersion = 16.0.31313.79
MinimumVisualStudioVersion = 10.0.40219.1
Project("{FAE04EC0-301F-11D3-BF4B-00C04F79EFBC}") = "Cheque por Extenso", "Cheque por Extenso\Cheque por Extenso.csproj", "{A3A6C0C6-E959-43B9-8407-74323C21FF45}"
EndProject
Project("{FAE04EC0-301F-11D3-BF4B-00C04F79EFBC}") = "UnitTestProject", "UnitTestProject\UnitTestProject.csproj", "{489D19D2-9D3C-49B2-A3D8-E8904B3BF66D}"
EndProject
Global
	GlobalSection(SolutionConfigurationPlatforms) = preSolution
		Debug|Any CPU = Debug|Any CPU
		Release|Any CPU = Release|Any CPU
	EndGlobalSection
	GlobalSection(ProjectConfigurationPlatforms) = postSolution
		{A3A6C0C6-E959-43B9-8407-74323C21FF45}.Debug|Any CPU.ActiveCfg = Debug|Any CPU
		{A3A6C0C6-E959-43B9-8407-74323C21FF45}.Debug|Any CPU.Build.0 = Debug|Any CPU
		{A3A6C0C6-E959-43B9-8407-74323C21FF45}.Release|Any CPU.ActiveCfg = Release|Any CPU
		{A3A6C0C6-E959-43B9-8407-74323C21FF45}.Release|Any CPU.Build.0 = Release|Any CPU
		{489D19D2-9D3C-49B2-A3D8-E8904B3BF66D}.Debug|Any CPU.ActiveCfg = Debug|Any CPU
		{489D19D2-9D3C-49B2-A3D8-E8904B3BF66D}.Debug|Any CPU.Build.0 = Debug|Any CPU
		{489D19D2-9D3C-49B2-A3D8-E8904B3BF66D}.Release|Any CPU.ActiveCfg = Release|Any CPU
		{489D19D2-9D3C-49B2-A3D8-E8904B3BF66D}.Release|Any CPU.Build.0 = Release|Any CPU
	EndGlobalSection
	GlobalSection(SolutionProperties) = preSolution
		HideSolutionNode = FALSE
	EndGlobalSection
	GlobalSection(ExtensibilityGlobals) = postSolution
		SolutionGuid = {B95731DD-F71D-49E4-AAA0-101ECCBC0822}
	EndGlobalSection
EndGlobal
